PODS:
  - Alamofire (4.8.0)
  - SDWebImage (4.4.3):
    - SDWebImage/Core (= 4.4.3)
  - SDWebImage/Core (4.4.3)
  - SnapKit (4.2.0)

DEPENDENCIES:
  - Alamofire
  - SDWebImage
  - SnapKit

SPEC REPOS:
  https://github.com/cocoapods/specs.git:
    - Alamofire
    - SDWebImage
    - SnapKit

SPEC CHECKSUMS:
  Alamofire: 3ec537f71edc9804815215393ae2b1a8ea33a844
  SDWebImage: c5594f1a19c48d526d321e548902b56b479cd508
  SnapKit: fe8a619752f3f27075cc9a90244d75c6c3f27e2a

PODFILE CHECKSUM: 05d8c061a27a4918abb56be1c0f2f2f9df18d54b

COCOAPODS: 1.5.3
